
Microsoft Visual Studio Solution File, Format Version 12.00
# Visual Studio 2015
Project("{FAE04EC0-301F-11D3-BF4B-00C04F79EFBC}") = "hexgame", "hexgame.csproj", "{58D3ACF1-A1DB-E7FA-6B86-88EC34BCF421}"
EndProject
Global
	GlobalSection(SolutionConfigurationPlatforms) = preSolution
		Debug|Any CPU = Debug|Any CPU
		Release|Any CPU = Release|Any CPU
	EndGlobalSection
	GlobalSection(ProjectConfigurationPlatforms) = postSolution
		{58D3ACF1-A1DB-E7FA-6B86-88EC34BCF421}.Debug|Any CPU.ActiveCfg = Debug|Any CPU
		{58D3ACF1-A1DB-E7FA-6B86-88EC34BCF421}.Debug|Any CPU.Build.0 = Debug|Any CPU
		{58D3ACF1-A1DB-E7FA-6B86-88EC34BCF421}.Release|Any CPU.ActiveCfg = Release|Any CPU
		{58D3ACF1-A1DB-E7FA-6B86-88EC34BCF421}.Release|Any CPU.Build.0 = Release|Any CPU
	EndGlobalSection
	GlobalSection(SolutionProperties) = preSolution
		HideSolutionNode = FALSE
	EndGlobalSection
EndGlobal
